# Generated by pub
# See https://dart.dev/tools/pub/glossary#lockfile
packages:
  animated_stack_widget:
    dependency: transitive
    description:
      name: animated_stack_widget
      sha256: ce4788dd158768c9d4388354b6fb72600b78e041a37afc4c279c63ecafcb9408
      url: "https://pub.dev"
    source: hosted
    version: "0.0.4"
  archive:
    dependency: transitive
    description: flutter
    source: sdk
    version: "3.6.1"
  args:
    dependency: transitive
    description: flutter
    source: sdk
    version: "2.6.0"
  async:
    dependency: transitive
    description: flutter
    source: sdk
    version: "2.12.0"
  characters:
    dependency: transitive
    description: flutter
    source: sdk
    version: "1.4.0"
  clock:
    dependency: transitive
    description: flutter
    source: sdk
    version: "1.1.2"
  collection:
    dependency: transitive
    description: flutter
    source: sdk
    version: "1.19.1"
  convert:
    dependency: transitive
    description: flutter
    source: sdk
    version: "3.1.2"
  crop_your_image:
    dependency: "direct main"
    description:
      name: crop_your_image
      sha256: "14c8977b11a009dc5e73e0f6522970f93363e38183f1b2ffefe1676dc9c3f49d"
      url: "https://pub.dev"
    source: hosted
    version: "2.0.0"
  cross_file:
    dependency: transitive
    description: flutter
    source: sdk
    version: "0.3.4+2"
  crypto:
    dependency: transitive
    description: flutter
    source: sdk
    version: "3.0.6"
  cupertino_icons:
    dependency: "direct main"
    description: flutter
    source: sdk
    version: "1.0.8"
  exif:
    dependency: "direct main"
    description:
      name: exif
      sha256: a7980fdb3b7ffcd0b035e5b8a5e1eef7cadfe90ea6a4e85ebb62f87b96c7a172
      url: "https://pub.dev"
    source: hosted
    version: "3.3.0"
  file_selector:
    dependency: "direct main"
    description: flutter
    source: sdk
    version: "1.0.3"
  file_selector_aurora:
    dependency: transitive
    description: flutter
    source: sdk
    version: "0.0.9"
  file_selector_platform_interface:
    dependency: transitive
    description: flutter
    source: sdk
    version: "2.6.2"
  flutter:
    dependency: "direct main"
    description: flutter
    source: sdk
    version: "0.0.0"
  flutter_colorpicker:
    dependency: "direct main"
    description:
      name: flutter_colorpicker
      sha256: "969de5f6f9e2a570ac660fb7b501551451ea2a1ab9e2097e89475f60e07816ea"
      url: "https://pub.dev"
    source: hosted
    version: "1.1.0"
  flutter_lints:
    dependency: "direct main"
    description:
      name: flutter_lints
      sha256: a25a15ebbdfc33ab1cd26c63a6ee519df92338a9c10f122adda92938253bef04
      url: "https://pub.dev"
    source: hosted
    version: "2.0.3"
  flutter_localizations:
    dependency: transitive
    description: flutter
    source: sdk
    version: "0.0.0"
  flutter_map:
    dependency: "direct main"
    description:
      name: flutter_map
      sha256: "87cc8349b8fa5dccda5af50018c7374b6645334a0d680931c1fe11bce88fa5bb"
      url: "https://pub.dev"
    source: hosted
    version: "6.2.1"
  flutter_map_marker_cluster:
    dependency: "direct main"
    description:
      name: flutter_map_marker_cluster
      sha256: a324f48da5ee83a3f29fd8d08b4b1e6e3114ff5c6cab910124d6a2e1f06f08cc
      url: "https://pub.dev"
    source: hosted
    version: "1.3.6"
  flutter_map_marker_popup:
    dependency: transitive
    description:
      name: flutter_map_marker_popup
      sha256: ec563bcbae24a18ac16815fb75ac5ab33ccba609e14db70e252a67de19c6639c
      url: "https://pub.dev"
    source: hosted
    version: "6.1.2"
  flutter_svg:
    dependency: transitive
    description: flutter
    source: sdk
    version: "2.2.0"
  http:
    dependency: transitive
    description: flutter
    source: sdk
    version: "1.2.2"
  http_parser:
    dependency: transitive
    description: flutter
    source: sdk
    version: "4.1.2"
  image:
    dependency: transitive
    description: flutter
    source: sdk
    version: "4.3.0"
  intl:
    dependency: transitive
    description: flutter
    source: sdk
    version: "0.19.0"
  json_annotation:
    dependency: transitive
    description: flutter
    source: sdk
    version: "4.9.0"
  latlong2:
    dependency: "direct main"
    description:
      name: latlong2
      sha256: "98227922caf49e6056f91b6c56945ea1c7b166f28ffcd5fb8e72fc0b453cc8fe"
      url: "https://pub.dev"
    source: hosted
    version: "0.9.1"
  lints:
    dependency: transitive
    description:
      name: lints
      sha256: "0a217c6c989d21039f1498c3ed9f3ed71b354e69873f13a8dfc3c9fe76f1b452"
      url: "https://pub.dev"
    source: hosted
    version: "2.1.1"
  lists:
    dependency: transitive
    description:
      name: lists
      sha256: "4ca5c19ae4350de036a7e996cdd1ee39c93ac0a2b840f4915459b7d0a7d4ab27"
      url: "https://pub.dev"
    source: hosted
    version: "1.0.1"
  logger:
    dependency: transitive
    description:
      name: logger
      sha256: "2621da01aabaf223f8f961e751f2c943dbb374dc3559b982f200ccedadaa6999"
      url: "https://pub.dev"
    source: hosted
    version: "2.6.0"
  material_color_utilities:
    dependency: transitive
    description: flutter
    source: sdk
    version: "0.11.1"
  meta:
    dependency: transitive
    description: flutter
    source: sdk
    version: "1.16.0"
  mgrs_dart:
    dependency: transitive
    description:
      name: mgrs_dart
      sha256: fb89ae62f05fa0bb90f70c31fc870bcbcfd516c843fb554452ab3396f78586f7
      url: "https://pub.dev"
    source: hosted
    version: "2.0.0"
  mime:
    dependency: "direct main"
    description: flutter
    source: sdk
    version: "2.0.0"
  nested:
    dependency: transitive
    description: flutter
    source: sdk
    version: "1.0.0"
  path:
    dependency: transitive
    description: flutter
    source: sdk
    version: "1.9.1"
  path_parsing:
    dependency: transitive
    description: flutter
    source: sdk
    version: "1.1.0"
  path_provider:
    dependency: "direct main"
    description: flutter
    source: sdk
    version: "2.1.5"
  path_provider_aurora:
    dependency: transitive
    description: flutter
    source: sdk
    version: "0.6.1"
  path_provider_platform_interface:
    dependency: transitive
    description: flutter
    source: sdk
    version: "2.1.2"
  petitparser:
    dependency: transitive
    description: flutter
    source: sdk
    version: "6.1.0"
  platform:
    dependency: transitive
    description: flutter
    source: sdk
    version: "3.1.6"
  plugin_platform_interface:
    dependency: transitive
    description: flutter
    source: sdk
    version: "2.1.8"
  polylabel:
    dependency: transitive
    description:
      name: polylabel
      sha256: "41b9099afb2aa6c1730bdd8a0fab1400d287694ec7615dd8516935fa3144214b"
      url: "https://pub.dev"
    source: hosted
    version: "1.0.1"
  proj4dart:
    dependency: transitive
    description:
      name: proj4dart
      sha256: c8a659ac9b6864aa47c171e78d41bbe6f5e1d7bd790a5814249e6b68bc44324e
      url: "https://pub.dev"
    source: hosted
    version: "2.1.0"
  provider:
    dependency: transitive
    description: flutter
    source: sdk
    version: "6.1.5"
  sky_engine:
    dependency: transitive
    description: flutter
    source: sdk
    version: "0.0.0"
  source_span:
    dependency: transitive
    description: flutter
    source: sdk
    version: "1.10.1"
  sprintf:
    dependency: transitive
    description: flutter
    source: sdk
    version: "7.0.0"
  string_scanner:
    dependency: transitive
    description: flutter
    source: sdk
    version: "1.4.1"
  term_glyph:
    dependency: transitive
    description: flutter
    source: sdk
    version: "1.2.2"
  typed_data:
    dependency: transitive
    description: flutter
    source: sdk
    version: "1.4.0"
  unicode:
    dependency: transitive
    description:
      name: unicode
      sha256: "0f69e46593d65245774d4f17125c6084d2c20b4e473a983f6e21b7d7762218f1"
      url: "https://pub.dev"
    source: hosted
    version: "0.3.1"
  vector_graphics:
    dependency: transitive
    description: flutter
    source: sdk
    version: "1.1.19"
  vector_graphics_codec:
    dependency: transitive
    description: flutter
    source: sdk
    version: "1.1.13"
  vector_graphics_compiler:
    dependency: transitive
    description: flutter
    source: sdk
    version: "1.1.17"
  vector_math:
    dependency: transitive
    description: flutter
    source: sdk
    version: "2.1.4"
  web:
    dependency: transitive
    description: flutter
    source: sdk
    version: "1.1.0"
  wkt_parser:
    dependency: transitive
    description:
      name: wkt_parser
      sha256: "8a555fc60de3116c00aad67891bcab20f81a958e4219cc106e3c037aa3937f13"
      url: "https://pub.dev"
    source: hosted
    version: "2.0.0"
  xml:
    dependency: transitive
    description: flutter
    source: sdk
    version: "6.5.0"
sdks:
  dart: ">=3.7.0-0 <4.0.0"
  flutter: ">=3.27.0"
